
Microsoft Visual Studio Solution File, Format Version 12.00
# Visual Studio Version 16
VisualStudioVersion = 16.0.30011.22
MinimumVisualStudioVersion = 10.0.40219.1
Project("{FAE04EC0-301F-11D3-BF4B-00C04F79EFBC}") = "BrowseFolder", "BrowseFolder.csproj", "{234C5B15-2E43-48E7-B260-22C2F132A08D}"
EndProject
Global
	GlobalSection(SolutionConfigurationPlatforms) = preSolution
		Debug|Any CPU = Debug|Any CPU
		Release|Any CPU = Release|Any CPU
	EndGlobalSection
	GlobalSection(ProjectConfigurationPlatforms) = postSolution
		{234C5B15-2E43-48E7-B260-22C2F132A08D}.Debug|Any CPU.ActiveCfg = Debug|Any CPU
		{234C5B15-2E43-48E7-B260-22C2F132A08D}.Debug|Any CPU.Build.0 = Debug|Any CPU
		{234C5B15-2E43-48E7-B260-22C2F132A08D}.Release|Any CPU.ActiveCfg = Release|Any CPU
		{234C5B15-2E43-48E7-B260-22C2F132A08D}.Release|Any CPU.Build.0 = Release|Any CPU
	EndGlobalSection
	GlobalSection(SolutionProperties) = preSolution
		HideSolutionNode = FALSE
	EndGlobalSection
	GlobalSection(ExtensibilityGlobals) = postSolution
		SolutionGuid = {4C09C4E9-8F8E-4DAB-AF11-9B113AD1F427}
	EndGlobalSection
EndGlobal
